
Microsoft Visual Studio Solution File, Format Version 12.00
# Visual Studio Version 17
VisualStudioVersion = 17.5.002.0
MinimumVisualStudioVersion = 10.0.40219.1
Project("{9A19103F-16F7-4668-BE54-9A1E7A4F7556}") = "adventofcode2025", "adventofcode2025.csproj", "{95940373-80A1-4913-A633-4C0649A0E960}"
EndProject
Project("{FAE04EC0-301F-11D3-BF4B-00C04F79EFBC}") = "Aoc2025Test", "..\Aoc2025Test\Aoc2025Test.csproj", "{8C5627E5-C5C3-45A9-97F5-EC3B475724D0}"
EndProject
Global
	GlobalSection(SolutionConfigurationPlatforms) = preSolution
		Debug|Any CPU = Debug|Any CPU
		Debug|x64 = Debug|x64
		Release|Any CPU = Release|Any CPU
		Release|x64 = Release|x64
	EndGlobalSection
	GlobalSection(ProjectConfigurationPlatforms) = postSolution
		{95940373-80A1-4913-A633-4C0649A0E960}.Debug|Any CPU.ActiveCfg = Debug|Any CPU
		{95940373-80A1-4913-A633-4C0649A0E960}.Debug|Any CPU.Build.0 = Debug|Any CPU
		{95940373-80A1-4913-A633-4C0649A0E960}.Debug|x64.ActiveCfg = Debug|x64
		{95940373-80A1-4913-A633-4C0649A0E960}.Debug|x64.Build.0 = Debug|x64
		{95940373-80A1-4913-A633-4C0649A0E960}.Release|Any CPU.ActiveCfg = Release|Any CPU
		{95940373-80A1-4913-A633-4C0649A0E960}.Release|Any CPU.Build.0 = Release|Any CPU
		{95940373-80A1-4913-A633-4C0649A0E960}.Release|x64.ActiveCfg = Release|x64
		{95940373-80A1-4913-A633-4C0649A0E960}.Release|x64.Build.0 = Release|x64
		{8C5627E5-C5C3-45A9-97F5-EC3B475724D0}.Debug|Any CPU.ActiveCfg = Debug|Any CPU
		{8C5627E5-C5C3-45A9-97F5-EC3B475724D0}.Debug|Any CPU.Build.0 = Debug|Any CPU
		{8C5627E5-C5C3-45A9-97F5-EC3B475724D0}.Debug|x64.ActiveCfg = Debug|Any CPU
		{8C5627E5-C5C3-45A9-97F5-EC3B475724D0}.Debug|x64.Build.0 = Debug|Any CPU
		{8C5627E5-C5C3-45A9-97F5-EC3B475724D0}.Release|Any CPU.ActiveCfg = Release|Any CPU
		{8C5627E5-C5C3-45A9-97F5-EC3B475724D0}.Release|Any CPU.Build.0 = Release|Any CPU
		{8C5627E5-C5C3-45A9-97F5-EC3B475724D0}.Release|x64.ActiveCfg = Release|Any CPU
		{8C5627E5-C5C3-45A9-97F5-EC3B475724D0}.Release|x64.Build.0 = Release|Any CPU
	EndGlobalSection
	GlobalSection(SolutionProperties) = preSolution
		HideSolutionNode = FALSE
	EndGlobalSection
	GlobalSection(ExtensibilityGlobals) = postSolution
		SolutionGuid = {0B512AC8-5485-4F5C-889C-67FCFF3003D0}
	EndGlobalSection
EndGlobal
